// !$*UTF8*$!
{
	archiveVersion = 1;
	classes = {
	};
	objectVersion = 56;
	objects = {

/* Begin PBXBuildFile section */
		29639A212AA3D25B00141BAF /* AppDelegate.swift in Sources */ = {isa = PBXBuildFile; fileRef = 29639A202AA3D25B00141BAF /* AppDelegate.swift */; };
		29639A232AA3D25B00141BAF /* SceneDelegate.swift in Sources */ = {isa = PBXBuildFile; fileRef = 29639A222AA3D25B00141BAF /* SceneDelegate.swift */; };
		29639A252AA3D25B00141BAF /* RMTabBarController.swift in Sources */ = {isa = PBXBuildFile; fileRef = 29639A242AA3D25B00141BAF /* RMTabBarController.swift */; };
		29639A2A2AA3D25B00141BAF /* Assets.xcassets in Resources */ = {isa = PBXBuildFile; fileRef = 29639A292AA3D25B00141BAF /* Assets.xcassets */; };
		29639A2D2AA3D25B00141BAF /* LaunchScreen.storyboard in Resources */ = {isa = PBXBuildFile; fileRef = 29639A2B2AA3D25B00141BAF /* LaunchScreen.storyboard */; };
		29639A3C2AA3D47C00141BAF /* RMLocation.swift in Sources */ = {isa = PBXBuildFile; fileRef = 29639A3B2AA3D47C00141BAF /* RMLocation.swift */; };
		29639A3F2AA3D49600141BAF /* RMCharacter.swift in Sources */ = {isa = PBXBuildFile; fileRef = 29639A3E2AA3D49600141BAF /* RMCharacter.swift */; };
		29639A412AA3D49F00141BAF /* RMEpisode.swift in Sources */ = {isa = PBXBuildFile; fileRef = 29639A402AA3D49F00141BAF /* RMEpisode.swift */; };
		29639A442AA3D6A300141BAF /* RMCharacterViewController.swift in Sources */ = {isa = PBXBuildFile; fileRef = 29639A432AA3D6A300141BAF /* RMCharacterViewController.swift */; };
		29639A462AA3D6B200141BAF /* RMLocationViewController.swift in Sources */ = {isa = PBXBuildFile; fileRef = 29639A452AA3D6B200141BAF /* RMLocationViewController.swift */; };
		29639A482AA3D6BD00141BAF /* RMEpisodeViewController.swift in Sources */ = {isa = PBXBuildFile; fileRef = 29639A472AA3D6BD00141BAF /* RMEpisodeViewController.swift */; };
		29639A4A2AA3D6D700141BAF /* RMSettingsViewController.swift in Sources */ = {isa = PBXBuildFile; fileRef = 29639A492AA3D6D700141BAF /* RMSettingsViewController.swift */; };
		29639A4C2AA3E71000141BAF /* RMService.swift in Sources */ = {isa = PBXBuildFile; fileRef = 29639A4B2AA3E71000141BAF /* RMService.swift */; };
		29639A4E2AA3E72500141BAF /* RMRequest.swift in Sources */ = {isa = PBXBuildFile; fileRef = 29639A4D2AA3E72500141BAF /* RMRequest.swift */; };
		29639A502AA4C1C100141BAF /* RMEndpoint.swift in Sources */ = {isa = PBXBuildFile; fileRef = 29639A4F2AA4C1C100141BAF /* RMEndpoint.swift */; };
/* End PBXBuildFile section */

/* Begin PBXFileReference section */
		29639A1D2AA3D25B00141BAF /* RickAndMorty.app */ = {isa = PBXFileReference; explicitFileType = wrapper.application; includeInIndex = 0; path = RickAndMorty.app; sourceTree = BUILT_PRODUCTS_DIR; };
		29639A202AA3D25B00141BAF /* AppDelegate.swift */ = {isa = PBXFileReference; lastKnownFileType = sourcecode.swift; path = AppDelegate.swift; sourceTree = "<group>"; };
		29639A222AA3D25B00141BAF /* SceneDelegate.swift */ = {isa = PBXFileReference; lastKnownFileType = sourcecode.swift; path = SceneDelegate.swift; sourceTree = "<group>"; };
		29639A242AA3D25B00141BAF /* RMTabBarController.swift */ = {isa = PBXFileReference; lastKnownFileType = sourcecode.swift; path = RMTabBarController.swift; sourceTree = "<group>"; };
		29639A292AA3D25B00141BAF /* Assets.xcassets */ = {isa = PBXFileReference; lastKnownFileType = folder.assetcatalog; path = Assets.xcassets; sourceTree = "<group>"; };
		29639A2C2AA3D25B00141BAF /* Base */ = {isa = PBXFileReference; lastKnownFileType = file.storyboard; name = Base; path = Base.lproj/LaunchScreen.storyboard; sourceTree = "<group>"; };
		29639A2E2AA3D25B00141BAF /* Info.plist */ = {isa = PBXFileReference; lastKnownFileType = text.plist.xml; path = Info.plist; sourceTree = "<group>"; };
		29639A3B2AA3D47C00141BAF /* RMLocation.swift */ = {isa = PBXFileReference; lastKnownFileType = sourcecode.swift; path = RMLocation.swift; sourceTree = "<group>"; };
		29639A3E2AA3D49600141BAF /* RMCharacter.swift */ = {isa = PBXFileReference; lastKnownFileType = sourcecode.swift; path = RMCharacter.swift; sourceTree = "<group>"; };
		29639A402AA3D49F00141BAF /* RMEpisode.swift */ = {isa = PBXFileReference; lastKnownFileType = sourcecode.swift; path = RMEpisode.swift; sourceTree = "<group>"; };
		29639A432AA3D6A300141BAF /* RMCharacterViewController.swift */ = {isa = PBXFileReference; lastKnownFileType = sourcecode.swift; path = RMCharacterViewController.swift; sourceTree = "<group>"; };
		29639A452AA3D6B200141BAF /* RMLocationViewController.swift */ = {isa = PBXFileReference; lastKnownFileType = sourcecode.swift; path = RMLocationViewController.swift; sourceTree = "<group>"; };
		29639A472AA3D6BD00141BAF /* RMEpisodeViewController.swift */ = {isa = PBXFileReference; lastKnownFileType = sourcecode.swift; path = RMEpisodeViewController.swift; sourceTree = "<group>"; };
		29639A492AA3D6D700141BAF /* RMSettingsViewController.swift */ = {isa = PBXFileReference; lastKnownFileType = sourcecode.swift; path = RMSettingsViewController.swift; sourceTree = "<group>"; };
		29639A4B2AA3E71000141BAF /* RMService.swift */ = {isa = PBXFileReference; lastKnownFileType = sourcecode.swift; path = RMService.swift; sourceTree = "<group>"; };
		29639A4D2AA3E72500141BAF /* RMRequest.swift */ = {isa = PBXFileReference; lastKnownFileType = sourcecode.swift; path = RMRequest.swift; sourceTree = "<group>"; };
		29639A4F2AA4C1C100141BAF /* RMEndpoint.swift */ = {isa = PBXFileReference; lastKnownFileType = sourcecode.swift; path = RMEndpoint.swift; sourceTree = "<group>"; };
/* End PBXFileReference section */

/* Begin PBXFrameworksBuildPhase section */
		29639A1A2AA3D25B00141BAF /* Frameworks */ = {
			isa = PBXFrameworksBuildPhase;
			buildActionMask = 2147483647;
			files = (
			);
			runOnlyForDeploymentPostprocessing = 0;
		};
/* End PBXFrameworksBuildPhase section */

/* Begin PBXGroup section */
		29639A142AA3D25B00141BAF = {
			isa = PBXGroup;
			children = (
				29639A1F2AA3D25B00141BAF /* RickAndMorty */,
				29639A1E2AA3D25B00141BAF /* Products */,
			);
			sourceTree = "<group>";
		};
		29639A1E2AA3D25B00141BAF /* Products */ = {
			isa = PBXGroup;
			children = (
				29639A1D2AA3D25B00141BAF /* RickAndMorty.app */,
			);
			name = Products;
			sourceTree = "<group>";
		};
		29639A1F2AA3D25B00141BAF /* RickAndMorty */ = {
			isa = PBXGroup;
			children = (
				29639A3A2AA3D40200141BAF /* Resources */,
				29639A392AA3D3FE00141BAF /* Managers */,
				29639A382AA3D3F100141BAF /* APIClient */,
				29639A372AA3D3EA00141BAF /* ViewModels */,
				29639A362AA3D3E400141BAF /* Models */,
				29639A352AA3D3DF00141BAF /* Views */,
				29639A342AA3D3D800141BAF /* Controllers */,
				29639A2E2AA3D25B00141BAF /* Info.plist */,
			);
			path = RickAndMorty;
			sourceTree = "<group>";
		};
		29639A342AA3D3D800141BAF /* Controllers */ = {
			isa = PBXGroup;
			children = (
				29639A422AA3D66800141BAF /* Core */,
			);
			path = Controllers;
			sourceTree = "<group>";
		};
		29639A352AA3D3DF00141BAF /* Views */ = {
			isa = PBXGroup;
			children = (
			);
			path = Views;
			sourceTree = "<group>";
		};
		29639A362AA3D3E400141BAF /* Models */ = {
			isa = PBXGroup;
			children = (
				29639A3B2AA3D47C00141BAF /* RMLocation.swift */,
				29639A3E2AA3D49600141BAF /* RMCharacter.swift */,
				29639A402AA3D49F00141BAF /* RMEpisode.swift */,
			);
			path = Models;
			sourceTree = "<group>";
		};
		29639A372AA3D3EA00141BAF /* ViewModels */ = {
			isa = PBXGroup;
			children = (
			);
			path = ViewModels;
			sourceTree = "<group>";
		};
		29639A382AA3D3F100141BAF /* APIClient */ = {
			isa = PBXGroup;
			children = (
				29639A4B2AA3E71000141BAF /* RMService.swift */,
				29639A4D2AA3E72500141BAF /* RMRequest.swift */,
				29639A4F2AA4C1C100141BAF /* RMEndpoint.swift */,
			);
			path = APIClient;
			sourceTree = "<group>";
		};
		29639A392AA3D3FE00141BAF /* Managers */ = {
			isa = PBXGroup;
			children = (
			);
			path = Managers;
			sourceTree = "<group>";
		};
		29639A3A2AA3D40200141BAF /* Resources */ = {
			isa = PBXGroup;
			children = (
				29639A202AA3D25B00141BAF /* AppDelegate.swift */,
				29639A222AA3D25B00141BAF /* SceneDelegate.swift */,
				29639A292AA3D25B00141BAF /* Assets.xcassets */,
				29639A2B2AA3D25B00141BAF /* LaunchScreen.storyboard */,
			);
			path = Resources;
			sourceTree = "<group>";
		};
		29639A422AA3D66800141BAF /* Core */ = {
			isa = PBXGroup;
			children = (
				29639A242AA3D25B00141BAF /* RMTabBarController.swift */,
				29639A432AA3D6A300141BAF /* RMCharacterViewController.swift */,
				29639A452AA3D6B200141BAF /* RMLocationViewController.swift */,
				29639A472AA3D6BD00141BAF /* RMEpisodeViewController.swift */,
				29639A492AA3D6D700141BAF /* RMSettingsViewController.swift */,
			);
			path = Core;
			sourceTree = "<group>";
		};
/* End PBXGroup section */

/* Begin PBXNativeTarget section */
		29639A1C2AA3D25B00141BAF /* RickAndMorty */ = {
			isa = PBXNativeTarget;
			buildConfigurationList = 29639A312AA3D25B00141BAF /* Build configuration list for PBXNativeTarget "RickAndMorty" */;
			buildPhases = (
				29639A192AA3D25B00141BAF /* Sources */,
				29639A1A2AA3D25B00141BAF /* Frameworks */,
				29639A1B2AA3D25B00141BAF /* Resources */,
			);
			buildRules = (
			);
			dependencies = (
			);
			name = RickAndMorty;
			productName = RickAndMorty;
			productReference = 29639A1D2AA3D25B00141BAF /* RickAndMorty.app */;
			productType = "com.apple.product-type.application";
		};
/* End PBXNativeTarget section */

/* Begin PBXProject section */
		29639A152AA3D25B00141BAF /* Project object */ = {
			isa = PBXProject;
			attributes = {
				BuildIndependentTargetsInParallel = 1;
				LastSwiftUpdateCheck = 1430;
				LastUpgradeCheck = 1430;
				TargetAttributes = {
					29639A1C2AA3D25B00141BAF = {
						CreatedOnToolsVersion = 14.3.1;
					};
				};
			};
			buildConfigurationList = 29639A182AA3D25B00141BAF /* Build configuration list for PBXProject "RickAndMorty" */;
			compatibilityVersion = "Xcode 14.0";
			developmentRegion = en;
			hasScannedForEncodings = 0;
			knownRegions = (
				en,
				Base,
			);
			mainGroup = 29639A142AA3D25B00141BAF;
			productRefGroup = 29639A1E2AA3D25B00141BAF /* Products */;
			projectDirPath = "";
			projectRoot = "";
			targets = (
				29639A1C2AA3D25B00141BAF /* RickAndMorty */,
			);
		};
/* End PBXProject section */

/* Begin PBXResourcesBuildPhase section */
		29639A1B2AA3D25B00141BAF /* Resources */ = {
			isa = PBXResourcesBuildPhase;
			buildActionMask = 2147483647;
			files = (
				29639A2D2AA3D25B00141BAF /* LaunchScreen.storyboard in Resources */,
				29639A2A2AA3D25B00141BAF /* Assets.xcassets in Resources */,
			);
			runOnlyForDeploymentPostprocessing = 0;
		};
/* End PBXResourcesBuildPhase section */

/* Begin PBXSourcesBuildPhase section */
		29639A192AA3D25B00141BAF /* Sources */ = {
			isa = PBXSourcesBuildPhase;
			buildActionMask = 2147483647;
			files = (
				29639A462AA3D6B200141BAF /* RMLocationViewController.swift in Sources */,
				29639A412AA3D49F00141BAF /* RMEpisode.swift in Sources */,
				29639A252AA3D25B00141BAF /* RMTabBarController.swift in Sources */,
				29639A482AA3D6BD00141BAF /* RMEpisodeViewController.swift in Sources */,
				29639A212AA3D25B00141BAF /* AppDelegate.swift in Sources */,
				29639A232AA3D25B00141BAF /* SceneDelegate.swift in Sources */,
				29639A4A2AA3D6D700141BAF /* RMSettingsViewController.swift in Sources */,
				29639A4C2AA3E71000141BAF /* RMService.swift in Sources */,
				29639A3C2AA3D47C00141BAF /* RMLocation.swift in Sources */,
				29639A502AA4C1C100141BAF /* RMEndpoint.swift in Sources */,
				29639A3F2AA3D49600141BAF /* RMCharacter.swift in Sources */,
				29639A4E2AA3E72500141BAF /* RMRequest.swift in Sources */,
				29639A442AA3D6A300141BAF /* RMCharacterViewController.swift in Sources */,
			);
			runOnlyForDeploymentPostprocessing = 0;
		};
/* End PBXSourcesBuildPhase section */

/* Begin PBXVariantGroup section */
		29639A2B2AA3D25B00141BAF /* LaunchScreen.storyboard */ = {
			isa = PBXVariantGroup;
			children = (
				29639A2C2AA3D25B00141BAF /* Base */,
			);
			name = LaunchScreen.storyboard;
			sourceTree = "<group>";
		};
/* End PBXVariantGroup section */

/* Begin XCBuildConfiguration section */
		29639A2F2AA3D25B00141BAF /* Debug */ = {
			isa = XCBuildConfiguration;
			buildSettings = {
				ALWAYS_SEARCH_USER_PATHS = NO;
				CLANG_ANALYZER_NONNULL = YES;
				CLANG_ANALYZER_NUMBER_OBJECT_CONVERSION = YES_AGGRESSIVE;
				CLANG_CXX_LANGUAGE_STANDARD = "gnu++20";
				CLANG_ENABLE_MODULES = YES;
				CLANG_ENABLE_OBJC_ARC = YES;
				CLANG_ENABLE_OBJC_WEAK = YES;
				CLANG_WARN_BLOCK_CAPTURE_AUTORELEASING = YES;
				CLANG_WARN_BOOL_CONVERSION = YES;
				CLANG_WARN_COMMA = YES;
				CLANG_WARN_CONSTANT_CONVERSION = YES;
				CLANG_WARN_DEPRECATED_OBJC_IMPLEMENTATIONS = YES;
				CLANG_WARN_DIRECT_OBJC_ISA_USAGE = YES_ERROR;
				CLANG_WARN_DOCUMENTATION_COMMENTS = YES;
				CLANG_WARN_EMPTY_BODY = YES;
				CLANG_WARN_ENUM_CONVERSION = YES;
				CLANG_WARN_INFINITE_RECURSION = YES;
				CLANG_WARN_INT_CONVERSION = YES;
				CLANG_WARN_NON_LITERAL_NULL_CONVERSION = YES;
				CLANG_WARN_OBJC_IMPLICIT_RETAIN_SELF = YES;
				CLANG_WARN_OBJC_LITERAL_CONVERSION = YES;
				CLANG_WARN_OBJC_ROOT_CLASS = YES_ERROR;
				CLANG_WARN_QUOTED_INCLUDE_IN_FRAMEWORK_HEADER = YES;
				CLANG_WARN_RANGE_LOOP_ANALYSIS = YES;
				CLANG_WARN_STRICT_PROTOTYPES = YES;
				CLANG_WARN_SUSPICIOUS_MOVE = YES;
				CLANG_WARN_UNGUARDED_AVAILABILITY = YES_AGGRESSIVE;
				CLANG_WARN_UNREACHABLE_CODE = YES;
				CLANG_WARN__DUPLICATE_METHOD_MATCH = YES;
				COPY_PHASE_STRIP = NO;
				DEBUG_INFORMATION_FORMAT = dwarf;
				ENABLE_STRICT_OBJC_MSGSEND = YES;
				ENABLE_TESTABILITY = YES;
				GCC_C_LANGUAGE_STANDARD = gnu11;
				GCC_DYNAMIC_NO_PIC = NO;
				GCC_NO_COMMON_BLOCKS = YES;
				GCC_OPTIMIZATION_LEVEL = 0;
				GCC_PREPROCESSOR_DEFINITIONS = (
					"DEBUG=1",
					"$(inherited)",
				);
				GCC_WARN_64_TO_32_BIT_CONVERSION = YES;
				GCC_WARN_ABOUT_RETURN_TYPE = YES_ERROR;
				GCC_WARN_UNDECLARED_SELECTOR = YES;
				GCC_WARN_UNINITIALIZED_AUTOS = YES_AGGRESSIVE;
				GCC_WARN_UNUSED_FUNCTION = YES;
				GCC_WARN_UNUSED_VARIABLE = YES;
				IPHONEOS_DEPLOYMENT_TARGET = 16.4;
				MTL_ENABLE_DEBUG_INFO = INCLUDE_SOURCE;
				MTL_FAST_MATH = YES;
				ONLY_ACTIVE_ARCH = YES;
				SDKROOT = iphoneos;
				SWIFT_ACTIVE_COMPILATION_CONDITIONS = DEBUG;
				SWIFT_OPTIMIZATION_LEVEL = "-Onone";
			};
			name = Debug;
		};
		29639A302AA3D25B00141BAF /* Release */ = {
			isa = XCBuildConfiguration;
			buildSettings = {
				ALWAYS_SEARCH_USER_PATHS = NO;
				CLANG_ANALYZER_NONNULL = YES;
				CLANG_ANALYZER_NUMBER_OBJECT_CONVERSION = YES_AGGRESSIVE;
				CLANG_CXX_LANGUAGE_STANDARD = "gnu++20";
				CLANG_ENABLE_MODULES = YES;
				CLANG_ENABLE_OBJC_ARC = YES;
				CLANG_ENABLE_OBJC_WEAK = YES;
				CLANG_WARN_BLOCK_CAPTURE_AUTORELEASING = YES;
				CLANG_WARN_BOOL_CONVERSION = YES;
				CLANG_WARN_COMMA = YES;
				CLANG_WARN_CONSTANT_CONVERSION = YES;
				CLANG_WARN_DEPRECATED_OBJC_IMPLEMENTATIONS = YES;
				CLANG_WARN_DIRECT_OBJC_ISA_USAGE = YES_ERROR;
				CLANG_WARN_DOCUMENTATION_COMMENTS = YES;
				CLANG_WARN_EMPTY_BODY = YES;
				CLANG_WARN_ENUM_CONVERSION = YES;
				CLANG_WARN_INFINITE_RECURSION = YES;
				CLANG_WARN_INT_CONVERSION = YES;
				CLANG_WARN_NON_LITERAL_NULL_CONVERSION = YES;
				CLANG_WARN_OBJC_IMPLICIT_RETAIN_SELF = YES;
				CLANG_WARN_OBJC_LITERAL_CONVERSION = YES;
				CLANG_WARN_OBJC_ROOT_CLASS = YES_ERROR;
				CLANG_WARN_QUOTED_INCLUDE_IN_FRAMEWORK_HEADER = YES;
				CLANG_WARN_RANGE_LOOP_ANALYSIS = YES;
				CLANG_WARN_STRICT_PROTOTYPES = YES;
				CLANG_WARN_SUSPICIOUS_MOVE = YES;
				CLANG_WARN_UNGUARDED_AVAILABILITY = YES_AGGRESSIVE;
				CLANG_WARN_UNREACHABLE_CODE = YES;
				CLANG_WARN__DUPLICATE_METHOD_MATCH = YES;
				COPY_PHASE_STRIP = NO;
				DEBUG_INFORMATION_FORMAT = "dwarf-with-dsym";
				ENABLE_NS_ASSERTIONS = NO;
				ENABLE_STRICT_OBJC_MSGSEND = YES;
				GCC_C_LANGUAGE_STANDARD = gnu11;
				GCC_NO_COMMON_BLOCKS = YES;
				GCC_WARN_64_TO_32_BIT_CONVERSION = YES;
				GCC_WARN_ABOUT_RETURN_TYPE = YES_ERROR;
				GCC_WARN_UNDECLARED_SELECTOR = YES;
				GCC_WARN_UNINITIALIZED_AUTOS = YES_AGGRESSIVE;
				GCC_WARN_UNUSED_FUNCTION = YES;
				GCC_WARN_UNUSED_VARIABLE = YES;
				IPHONEOS_DEPLOYMENT_TARGET = 16.4;
				MTL_ENABLE_DEBUG_INFO = NO;
				MTL_FAST_MATH = YES;
				SDKROOT = iphoneos;
				SWIFT_COMPILATION_MODE = wholemodule;
				SWIFT_OPTIMIZATION_LEVEL = "-O";
				VALIDATE_PRODUCT = YES;
			};
			name = Release;
		};
		29639A322AA3D25B00141BAF /* Debug */ = {
			isa = XCBuildConfiguration;
			buildSettings = {
				ASSETCATALOG_COMPILER_APPICON_NAME = AppIcon;
				ASSETCATALOG_COMPILER_GLOBAL_ACCENT_COLOR_NAME = AccentColor;
				CODE_SIGN_STYLE = Automatic;
				CURRENT_PROJECT_VERSION = 1;
				DEVELOPMENT_TEAM = XB79Y3DNP9;
				GENERATE_INFOPLIST_FILE = YES;
				INFOPLIST_FILE = RickAndMorty/Info.plist;
				INFOPLIST_KEY_UIApplicationSupportsIndirectInputEvents = YES;
				INFOPLIST_KEY_UILaunchStoryboardName = LaunchScreen;
				INFOPLIST_KEY_UISupportedInterfaceOrientations_iPad = "UIInterfaceOrientationPortrait UIInterfaceOrientationPortraitUpsideDown UIInterfaceOrientationLandscapeLeft UIInterfaceOrientationLandscapeRight";
				INFOPLIST_KEY_UISupportedInterfaceOrientations_iPhone = "UIInterfaceOrientationPortrait UIInterfaceOrientationLandscapeLeft UIInterfaceOrientationLandscapeRight";
				LD_RUNPATH_SEARCH_PATHS = (
					"$(inherited)",
					"@executable_path/Frameworks",
				);
				MARKETING_VERSION = 1.0;
				PRODUCT_BUNDLE_IDENTIFIER = anar.RickAndMorty;
				PRODUCT_NAME = "$(TARGET_NAME)";
				SWIFT_EMIT_LOC_STRINGS = YES;
				SWIFT_VERSION = 5.0;
				TARGETED_DEVICE_FAMILY = "1,2";
			};
			name = Debug;
		};
		29639A332AA3D25B00141BAF /* Release */ = {
			isa = XCBuildConfiguration;
			buildSettings = {
				ASSETCATALOG_COMPILER_APPICON_NAME = AppIcon;
				ASSETCATALOG_COMPILER_GLOBAL_ACCENT_COLOR_NAME = AccentColor;
				CODE_SIGN_STYLE = Automatic;
				CURRENT_PROJECT_VERSION = 1;
				DEVELOPMENT_TEAM = XB79Y3DNP9;
				GENERATE_INFOPLIST_FILE = YES;
				INFOPLIST_FILE = RickAndMorty/Info.plist;
				INFOPLIST_KEY_UIApplicationSupportsIndirectInputEvents = YES;
				INFOPLIST_KEY_UILaunchStoryboardName = LaunchScreen;
				INFOPLIST_KEY_UISupportedInterfaceOrientations_iPad = "UIInterfaceOrientationPortrait UIInterfaceOrientationPortraitUpsideDown UIInterfaceOrientationLandscapeLeft UIInterfaceOrientationLandscapeRight";
				INFOPLIST_KEY_UISupportedInterfaceOrientations_iPhone = "UIInterfaceOrientationPortrait UIInterfaceOrientationLandscapeLeft UIInterfaceOrientationLandscapeRight";
				LD_RUNPATH_SEARCH_PATHS = (
					"$(inherited)",
					"@executable_path/Frameworks",
				);
				MARKETING_VERSION = 1.0;
				PRODUCT_BUNDLE_IDENTIFIER = anar.RickAndMorty;
				PRODUCT_NAME = "$(TARGET_NAME)";
				SWIFT_EMIT_LOC_STRINGS = YES;
				SWIFT_VERSION = 5.0;
				TARGETED_DEVICE_FAMILY = "1,2";
			};
			name = Release;
		};
/* End XCBuildConfiguration section */

/* Begin XCConfigurationList section */
		29639A182AA3D25B00141BAF /* Build configuration list for PBXProject "RickAndMorty" */ = {
			isa = XCConfigurationList;
			buildConfigurations = (
				29639A2F2AA3D25B00141BAF /* Debug */,
				29639A302AA3D25B00141BAF /* Release */,
			);
			defaultConfigurationIsVisible = 0;
			defaultConfigurationName = Release;
		};
		29639A312AA3D25B00141BAF /* Build configuration list for PBXNativeTarget "RickAndMorty" */ = {
			isa = XCConfigurationList;
			buildConfigurations = (
				29639A322AA3D25B00141BAF /* Debug */,
				29639A332AA3D25B00141BAF /* Release */,
			);
			defaultConfigurationIsVisible = 0;
			defaultConfigurationName = Release;
		};
/* End XCConfigurationList section */
	};
	rootObject = 29639A152AA3D25B00141BAF /* Project object */;
}
